// !$*UTF8*$!
{
	archiveVersion = 1;
	classes = {
	};
	objectVersion = 50;
	objects = {

/* Begin PBXBuildFile section */
		9D0997CD2212092300F7BBEF /* QuesBank.swift in Sources */ = {isa = PBXBuildFile; fileRef = 9D0997CC2212092300F7BBEF /* QuesBank.swift */; };
		9D0997CF2212098600F7BBEF /* Ques.swift in Sources */ = {isa = PBXBuildFile; fileRef = 9D0997CE2212098600F7BBEF /* Ques.swift */; };
		9D128DA322137831003472EB /* ProgressHUD.m in Sources */ = {isa = PBXBuildFile; fileRef = 9D128DA122137831003472EB /* ProgressHUD.m */; };
		9D128DA422137831003472EB /* ProgressHUD.bundle in Resources */ = {isa = PBXBuildFile; fileRef = 9D128DA222137831003472EB /* ProgressHUD.bundle */; };
		9DB288C7220E01F800F1966C /* AppDelegate.swift in Sources */ = {isa = PBXBuildFile; fileRef = 9DB288C6220E01F800F1966C /* AppDelegate.swift */; };
		9DB288C9220E01F800F1966C /* ViewController.swift in Sources */ = {isa = PBXBuildFile; fileRef = 9DB288C8220E01F800F1966C /* ViewController.swift */; };
		9DB288CC220E01F800F1966C /* Main.storyboard in Resources */ = {isa = PBXBuildFile; fileRef = 9DB288CA220E01F800F1966C /* Main.storyboard */; };
		9DB288CE220E01FE00F1966C /* Assets.xcassets in Resources */ = {isa = PBXBuildFile; fileRef = 9DB288CD220E01FE00F1966C /* Assets.xcassets */; };
		9DB288D1220E01FE00F1966C /* LaunchScreen.storyboard in Resources */ = {isa = PBXBuildFile; fileRef = 9DB288CF220E01FE00F1966C /* LaunchScreen.storyboard */; };
		9DBAA3972214388E00596344 /* customButton.swift in Sources */ = {isa = PBXBuildFile; fileRef = 9DBAA3962214388E00596344 /* customButton.swift */; };
		9DBAA39B22143D4D00596344 /* ss1.jpg in Resources */ = {isa = PBXBuildFile; fileRef = 9DBAA39922143D4D00596344 /* ss1.jpg */; };
		9DBAA39C22143D4D00596344 /* ss2.jpg in Resources */ = {isa = PBXBuildFile; fileRef = 9DBAA39A22143D4D00596344 /* ss2.jpg */; };
		9DBAA39E22143E4A00596344 /* .gitignore in Resources */ = {isa = PBXBuildFile; fileRef = 9DBAA39D22143E4A00596344 /* .gitignore */; };
		9DBAA3A222145DB900596344 /* .gitattributes in Resources */ = {isa = PBXBuildFile; fileRef = 9DBAA3A122145DB900596344 /* .gitattributes */; };
/* End PBXBuildFile section */

/* Begin PBXFileReference section */
		9D0997CC2212092300F7BBEF /* QuesBank.swift */ = {isa = PBXFileReference; lastKnownFileType = sourcecode.swift; path = QuesBank.swift; sourceTree = "<group>"; };
		9D0997CE2212098600F7BBEF /* Ques.swift */ = {isa = PBXFileReference; lastKnownFileType = sourcecode.swift; path = Ques.swift; sourceTree = "<group>"; };
		9D128DA022137831003472EB /* ProgressHUD.h */ = {isa = PBXFileReference; fileEncoding = 4; lastKnownFileType = sourcecode.c.h; path = ProgressHUD.h; sourceTree = "<group>"; };
		9D128DA122137831003472EB /* ProgressHUD.m */ = {isa = PBXFileReference; fileEncoding = 4; lastKnownFileType = sourcecode.c.objc; path = ProgressHUD.m; sourceTree = "<group>"; };
		9D128DA222137831003472EB /* ProgressHUD.bundle */ = {isa = PBXFileReference; lastKnownFileType = "wrapper.plug-in"; path = ProgressHUD.bundle; sourceTree = "<group>"; };
		9D128DA52213784F003472EB /* Quiz Hunt-Bridging-Header.h */ = {isa = PBXFileReference; lastKnownFileType = sourcecode.c.h; path = "Quiz Hunt-Bridging-Header.h"; sourceTree = "<group>"; };
		9DB288C3220E01F800F1966C /* Quiz Hunt.app */ = {isa = PBXFileReference; explicitFileType = wrapper.application; includeInIndex = 0; path = "Quiz Hunt.app"; sourceTree = BUILT_PRODUCTS_DIR; };
		9DB288C6220E01F800F1966C /* AppDelegate.swift */ = {isa = PBXFileReference; lastKnownFileType = sourcecode.swift; path = AppDelegate.swift; sourceTree = "<group>"; };
		9DB288C8220E01F800F1966C /* ViewController.swift */ = {isa = PBXFileReference; lastKnownFileType = sourcecode.swift; path = ViewController.swift; sourceTree = "<group>"; };
		9DB288CB220E01F800F1966C /* Base */ = {isa = PBXFileReference; lastKnownFileType = file.storyboard; name = Base; path = Base.lproj/Main.storyboard; sourceTree = "<group>"; };
		9DB288CD220E01FE00F1966C /* Assets.xcassets */ = {isa = PBXFileReference; lastKnownFileType = folder.assetcatalog; path = Assets.xcassets; sourceTree = "<group>"; };
		9DB288D0220E01FE00F1966C /* Base */ = {isa = PBXFileReference; lastKnownFileType = file.storyboard; name = Base; path = Base.lproj/LaunchScreen.storyboard; sourceTree = "<group>"; };
		9DB288D2220E01FE00F1966C /* Info.plist */ = {isa = PBXFileReference; lastKnownFileType = text.plist.xml; path = Info.plist; sourceTree = "<group>"; };
		9DBAA3962214388E00596344 /* customButton.swift */ = {isa = PBXFileReference; lastKnownFileType = sourcecode.swift; path = customButton.swift; sourceTree = "<group>"; };
		9DBAA39922143D4D00596344 /* ss1.jpg */ = {isa = PBXFileReference; lastKnownFileType = image.jpeg; path = ss1.jpg; sourceTree = "<group>"; };
		9DBAA39A22143D4D00596344 /* ss2.jpg */ = {isa = PBXFileReference; lastKnownFileType = image.jpeg; path = ss2.jpg; sourceTree = "<group>"; };
		9DBAA39D22143E4A00596344 /* .gitignore */ = {isa = PBXFileReference; lastKnownFileType = text; path = .gitignore; sourceTree = "<group>"; };
		9DBAA3A122145DB900596344 /* .gitattributes */ = {isa = PBXFileReference; fileEncoding = 4; lastKnownFileType = text; path = .gitattributes; sourceTree = "<group>"; };
/* End PBXFileReference section */

/* Begin PBXFrameworksBuildPhase section */
		9DB288C0220E01F800F1966C /* Frameworks */ = {
			isa = PBXFrameworksBuildPhase;
			buildActionMask = 2147483647;
			files = (
			);
			runOnlyForDeploymentPostprocessing = 0;
		};
/* End PBXFrameworksBuildPhase section */

/* Begin PBXGroup section */
		9D0997C92212080800F7BBEF /* Model */ = {
			isa = PBXGroup;
			children = (
				9D0997CC2212092300F7BBEF /* QuesBank.swift */,
				9D0997CE2212098600F7BBEF /* Ques.swift */,
			);
			path = Model;
			sourceTree = "<group>";
		};
		9D0997CA2212080D00F7BBEF /* View */ = {
			isa = PBXGroup;
			children = (
				9DB288CA220E01F800F1966C /* Main.storyboard */,
				9DBAA3962214388E00596344 /* customButton.swift */,
			);
			path = View;
			sourceTree = "<group>";
		};
		9D0997CB2212081200F7BBEF /* Controller */ = {
			isa = PBXGroup;
			children = (
				9DB288C8220E01F800F1966C /* ViewController.swift */,
			);
			path = Controller;
			sourceTree = "<group>";
		};
		9D128D9422137721003472EB /* Supporting Files */ = {
			isa = PBXGroup;
			children = (
				9D128DA222137831003472EB /* ProgressHUD.bundle */,
				9D128DA022137831003472EB /* ProgressHUD.h */,
				9D128DA122137831003472EB /* ProgressHUD.m */,
				9D128DA52213784F003472EB /* Quiz Hunt-Bridging-Header.h */,
			);
			path = "Supporting Files";
			sourceTree = "<group>";
		};
		9DB288BA220E01F800F1966C = {
			isa = PBXGroup;
			children = (
				9DB288C5220E01F800F1966C /* Quiz Hunt */,
				9DB288C4220E01F800F1966C /* Products */,
			);
			sourceTree = "<group>";
		};
		9DB288C4220E01F800F1966C /* Products */ = {
			isa = PBXGroup;
			children = (
				9DB288C3220E01F800F1966C /* Quiz Hunt.app */,
			);
			name = Products;
			sourceTree = "<group>";
		};
		9DB288C5220E01F800F1966C /* Quiz Hunt */ = {
			isa = PBXGroup;
			children = (
				9D0997CB2212081200F7BBEF /* Controller */,
				9D0997CA2212080D00F7BBEF /* View */,
				9D0997C92212080800F7BBEF /* Model */,
				9DB288C6220E01F800F1966C /* AppDelegate.swift */,
				9DB288CD220E01FE00F1966C /* Assets.xcassets */,
				9DB288CF220E01FE00F1966C /* LaunchScreen.storyboard */,
				9DB288D2220E01FE00F1966C /* Info.plist */,
				9DBAA39822143CB900596344 /* Screenshots */,
				9D128D9422137721003472EB /* Supporting Files */,
				9DBAA39D22143E4A00596344 /* .gitignore */,
				9DBAA3A122145DB900596344 /* .gitattributes */,
			);
			path = "Quiz Hunt";
			sourceTree = "<group>";
		};
		9DBAA39822143CB900596344 /* Screenshots */ = {
			isa = PBXGroup;
			children = (
				9DBAA39922143D4D00596344 /* ss1.jpg */,
				9DBAA39A22143D4D00596344 /* ss2.jpg */,
			);
			path = Screenshots;
			sourceTree = "<group>";
		};
/* End PBXGroup section */

/* Begin PBXNativeTarget section */
		9DB288C2220E01F800F1966C /* Quiz Hunt */ = {
			isa = PBXNativeTarget;
			buildConfigurationList = 9DB288D5220E01FE00F1966C /* Build configuration list for PBXNativeTarget "Quiz Hunt" */;
			buildPhases = (
				9DB288BF220E01F800F1966C /* Sources */,
				9DB288C0220E01F800F1966C /* Frameworks */,
				9DB288C1220E01F800F1966C /* Resources */,
			);
			buildRules = (
			);
			dependencies = (
			);
			name = "Quiz Hunt";
			productName = "Quiz Hunt";
			productReference = 9DB288C3220E01F800F1966C /* Quiz Hunt.app */;
			productType = "com.apple.product-type.application";
		};
/* End PBXNativeTarget section */

/* Begin PBXProject section */
		9DB288BB220E01F800F1966C /* Project object */ = {
			isa = PBXProject;
			attributes = {
				LastSwiftUpdateCheck = 1010;
				LastUpgradeCheck = 1010;
				ORGANIZATIONNAME = "Ankit Saxena";
				TargetAttributes = {
					9DB288C2220E01F800F1966C = {
						CreatedOnToolsVersion = 10.1;
						LastSwiftMigration = 1010;
					};
				};
			};
			buildConfigurationList = 9DB288BE220E01F800F1966C /* Build configuration list for PBXProject "Quiz Hunt" */;
			compatibilityVersion = "Xcode 9.3";
			developmentRegion = en;
			hasScannedForEncodings = 0;
			knownRegions = (
				en,
				Base,
			);
			mainGroup = 9DB288BA220E01F800F1966C;
			productRefGroup = 9DB288C4220E01F800F1966C /* Products */;
			projectDirPath = "";
			projectRoot = "";
			targets = (
				9DB288C2220E01F800F1966C /* Quiz Hunt */,
			);
		};
/* End PBXProject section */

/* Begin PBXResourcesBuildPhase section */
		9DB288C1220E01F800F1966C /* Resources */ = {
			isa = PBXResourcesBuildPhase;
			buildActionMask = 2147483647;
			files = (
				9DBAA39C22143D4D00596344 /* ss2.jpg in Resources */,
				9DBAA39E22143E4A00596344 /* .gitignore in Resources */,
				9D128DA422137831003472EB /* ProgressHUD.bundle in Resources */,
				9DB288D1220E01FE00F1966C /* LaunchScreen.storyboard in Resources */,
				9DB288CE220E01FE00F1966C /* Assets.xcassets in Resources */,
				9DBAA39B22143D4D00596344 /* ss1.jpg in Resources */,
				9DB288CC220E01F800F1966C /* Main.storyboard in Resources */,
				9DBAA3A222145DB900596344 /* .gitattributes in Resources */,
			);
			runOnlyForDeploymentPostprocessing = 0;
		};
/* End PBXResourcesBuildPhase section */

/* Begin PBXSourcesBuildPhase section */
		9DB288BF220E01F800F1966C /* Sources */ = {
			isa = PBXSourcesBuildPhase;
			buildActionMask = 2147483647;
			files = (
				9DB288C9220E01F800F1966C /* ViewController.swift in Sources */,
				9D0997CD2212092300F7BBEF /* QuesBank.swift in Sources */,
				9DBAA3972214388E00596344 /* customButton.swift in Sources */,
				9D128DA322137831003472EB /* ProgressHUD.m in Sources */,
				9DB288C7220E01F800F1966C /* AppDelegate.swift in Sources */,
				9D0997CF2212098600F7BBEF /* Ques.swift in Sources */,
			);
			runOnlyForDeploymentPostprocessing = 0;
		};
/* End PBXSourcesBuildPhase section */

/* Begin PBXVariantGroup section */
		9DB288CA220E01F800F1966C /* Main.storyboard */ = {
			isa = PBXVariantGroup;
			children = (
				9DB288CB220E01F800F1966C /* Base */,
			);
			name = Main.storyboard;
			sourceTree = "<group>";
		};
		9DB288CF220E01FE00F1966C /* LaunchScreen.storyboard */ = {
			isa = PBXVariantGroup;
			children = (
				9DB288D0220E01FE00F1966C /* Base */,
			);
			name = LaunchScreen.storyboard;
			sourceTree = "<group>";
		};
/* End PBXVariantGroup section */

/* Begin XCBuildConfiguration section */
		9DB288D3220E01FE00F1966C /* Debug */ = {
			isa = XCBuildConfiguration;
			buildSettings = {
				ALWAYS_SEARCH_USER_PATHS = NO;
				CLANG_ANALYZER_NONNULL = YES;
				CLANG_ANALYZER_NUMBER_OBJECT_CONVERSION = YES_AGGRESSIVE;
				CLANG_CXX_LANGUAGE_STANDARD = "gnu++14";
				CLANG_CXX_LIBRARY = "libc++";
				CLANG_ENABLE_MODULES = YES;
				CLANG_ENABLE_OBJC_ARC = YES;
				CLANG_ENABLE_OBJC_WEAK = YES;
				CLANG_WARN_BLOCK_CAPTURE_AUTORELEASING = YES;
				CLANG_WARN_BOOL_CONVERSION = YES;
				CLANG_WARN_COMMA = YES;
				CLANG_WARN_CONSTANT_CONVERSION = YES;
				CLANG_WARN_DEPRECATED_OBJC_IMPLEMENTATIONS = YES;
				CLANG_WARN_DIRECT_OBJC_ISA_USAGE = YES_ERROR;
				CLANG_WARN_DOCUMENTATION_COMMENTS = YES;
				CLANG_WARN_EMPTY_BODY = YES;
				CLANG_WARN_ENUM_CONVERSION = YES;
				CLANG_WARN_INFINITE_RECURSION = YES;
				CLANG_WARN_INT_CONVERSION = YES;
				CLANG_WARN_NON_LITERAL_NULL_CONVERSION = YES;
				CLANG_WARN_OBJC_IMPLICIT_RETAIN_SELF = YES;
				CLANG_WARN_OBJC_LITERAL_CONVERSION = YES;
				CLANG_WARN_OBJC_ROOT_CLASS = YES_ERROR;
				CLANG_WARN_RANGE_LOOP_ANALYSIS = YES;
				CLANG_WARN_STRICT_PROTOTYPES = YES;
				CLANG_WARN_SUSPICIOUS_MOVE = YES;
				CLANG_WARN_UNGUARDED_AVAILABILITY = YES_AGGRESSIVE;
				CLANG_WARN_UNREACHABLE_CODE = YES;
				CLANG_WARN__DUPLICATE_METHOD_MATCH = YES;
				CODE_SIGN_IDENTITY = "iPhone Developer";
				COPY_PHASE_STRIP = NO;
				DEBUG_INFORMATION_FORMAT = dwarf;
				ENABLE_STRICT_OBJC_MSGSEND = YES;
				ENABLE_TESTABILITY = YES;
				GCC_C_LANGUAGE_STANDARD = gnu11;
				GCC_DYNAMIC_NO_PIC = NO;
				GCC_NO_COMMON_BLOCKS = YES;
				GCC_OPTIMIZATION_LEVEL = 0;
				GCC_PREPROCESSOR_DEFINITIONS = (
					"DEBUG=1",
					"$(inherited)",
				);
				GCC_WARN_64_TO_32_BIT_CONVERSION = YES;
				GCC_WARN_ABOUT_RETURN_TYPE = YES_ERROR;
				GCC_WARN_UNDECLARED_SELECTOR = YES;
				GCC_WARN_UNINITIALIZED_AUTOS = YES_AGGRESSIVE;
				GCC_WARN_UNUSED_FUNCTION = YES;
				GCC_WARN_UNUSED_VARIABLE = YES;
				IPHONEOS_DEPLOYMENT_TARGET = 12.1;
				MTL_ENABLE_DEBUG_INFO = INCLUDE_SOURCE;
				MTL_FAST_MATH = YES;
				ONLY_ACTIVE_ARCH = YES;
				SDKROOT = iphoneos;
				SWIFT_ACTIVE_COMPILATION_CONDITIONS = DEBUG;
				SWIFT_OPTIMIZATION_LEVEL = "-Onone";
			};
			name = Debug;
		};
		9DB288D4220E01FE00F1966C /* Release */ = {
			isa = XCBuildConfiguration;
			buildSettings = {
				ALWAYS_SEARCH_USER_PATHS = NO;
				CLANG_ANALYZER_NONNULL = YES;
				CLANG_ANALYZER_NUMBER_OBJECT_CONVERSION = YES_AGGRESSIVE;
				CLANG_CXX_LANGUAGE_STANDARD = "gnu++14";
				CLANG_CXX_LIBRARY = "libc++";
				CLANG_ENABLE_MODULES = YES;
				CLANG_ENABLE_OBJC_ARC = YES;
				CLANG_ENABLE_OBJC_WEAK = YES;
				CLANG_WARN_BLOCK_CAPTURE_AUTORELEASING = YES;
				CLANG_WARN_BOOL_CONVERSION = YES;
				CLANG_WARN_COMMA = YES;
				CLANG_WARN_CONSTANT_CONVERSION = YES;
				CLANG_WARN_DEPRECATED_OBJC_IMPLEMENTATIONS = YES;
				CLANG_WARN_DIRECT_OBJC_ISA_USAGE = YES_ERROR;
				CLANG_WARN_DOCUMENTATION_COMMENTS = YES;
				CLANG_WARN_EMPTY_BODY = YES;
				CLANG_WARN_ENUM_CONVERSION = YES;
				CLANG_WARN_INFINITE_RECURSION = YES;
				CLANG_WARN_INT_CONVERSION = YES;
				CLANG_WARN_NON_LITERAL_NULL_CONVERSION = YES;
				CLANG_WARN_OBJC_IMPLICIT_RETAIN_SELF = YES;
				CLANG_WARN_OBJC_LITERAL_CONVERSION = YES;
				CLANG_WARN_OBJC_ROOT_CLASS = YES_ERROR;
				CLANG_WARN_RANGE_LOOP_ANALYSIS = YES;
				CLANG_WARN_STRICT_PROTOTYPES = YES;
				CLANG_WARN_SUSPICIOUS_MOVE = YES;
				CLANG_WARN_UNGUARDED_AVAILABILITY = YES_AGGRESSIVE;
				CLANG_WARN_UNREACHABLE_CODE = YES;
				CLANG_WARN__DUPLICATE_METHOD_MATCH = YES;
				CODE_SIGN_IDENTITY = "iPhone Developer";
				COPY_PHASE_STRIP = NO;
				DEBUG_INFORMATION_FORMAT = "dwarf-with-dsym";
				ENABLE_NS_ASSERTIONS = NO;
				ENABLE_STRICT_OBJC_MSGSEND = YES;
				GCC_C_LANGUAGE_STANDARD = gnu11;
				GCC_NO_COMMON_BLOCKS = YES;
				GCC_WARN_64_TO_32_BIT_CONVERSION = YES;
				GCC_WARN_ABOUT_RETURN_TYPE = YES_ERROR;
				GCC_WARN_UNDECLARED_SELECTOR = YES;
				GCC_WARN_UNINITIALIZED_AUTOS = YES_AGGRESSIVE;
				GCC_WARN_UNUSED_FUNCTION = YES;
				GCC_WARN_UNUSED_VARIABLE = YES;
				IPHONEOS_DEPLOYMENT_TARGET = 12.1;
				MTL_ENABLE_DEBUG_INFO = NO;
				MTL_FAST_MATH = YES;
				SDKROOT = iphoneos;
				SWIFT_COMPILATION_MODE = wholemodule;
				SWIFT_OPTIMIZATION_LEVEL = "-O";
				VALIDATE_PRODUCT = YES;
			};
			name = Release;
		};
		9DB288D6220E01FE00F1966C /* Debug */ = {
			isa = XCBuildConfiguration;
			buildSettings = {
				ASSETCATALOG_COMPILER_APPICON_NAME = AppIcon;
				CLANG_ENABLE_MODULES = YES;
				CODE_SIGN_STYLE = Automatic;
				DEVELOPMENT_TEAM = 3XLRLT47KL;
				INFOPLIST_FILE = "Quiz Hunt/Info.plist";
				LD_RUNPATH_SEARCH_PATHS = (
					"$(inherited)",
					"@executable_path/Frameworks",
				);
				PRODUCT_BUNDLE_IDENTIFIER = "com.ankitatdelhii.Quiz-Hunt";
				PRODUCT_NAME = "$(TARGET_NAME)";
				SWIFT_OBJC_BRIDGING_HEADER = "Quiz Hunt/Supporting Files/Quiz Hunt-Bridging-Header.h";
				SWIFT_OPTIMIZATION_LEVEL = "-Onone";
				SWIFT_VERSION = 4.2;
				TARGETED_DEVICE_FAMILY = 1;
			};
			name = Debug;
		};
		9DB288D7220E01FE00F1966C /* Release */ = {
			isa = XCBuildConfiguration;
			buildSettings = {
				ASSETCATALOG_COMPILER_APPICON_NAME = AppIcon;
				CLANG_ENABLE_MODULES = YES;
				CODE_SIGN_STYLE = Automatic;
				DEVELOPMENT_TEAM = 3XLRLT47KL;
				INFOPLIST_FILE = "Quiz Hunt/Info.plist";
				LD_RUNPATH_SEARCH_PATHS = (
					"$(inherited)",
					"@executable_path/Frameworks",
				);
				PRODUCT_BUNDLE_IDENTIFIER = "com.ankitatdelhii.Quiz-Hunt";
				PRODUCT_NAME = "$(TARGET_NAME)";
				SWIFT_OBJC_BRIDGING_HEADER = "Quiz Hunt/Supporting Files/Quiz Hunt-Bridging-Header.h";
				SWIFT_VERSION = 4.2;
				TARGETED_DEVICE_FAMILY = 1;
			};
			name = Release;
		};
/* End XCBuildConfiguration section */

/* Begin XCConfigurationList section */
		9DB288BE220E01F800F1966C /* Build configuration list for PBXProject "Quiz Hunt" */ = {
			isa = XCConfigurationList;
			buildConfigurations = (
				9DB288D3220E01FE00F1966C /* Debug */,
				9DB288D4220E01FE00F1966C /* Release */,
			);
			defaultConfigurationIsVisible = 0;
			defaultConfigurationName = Release;
		};
		9DB288D5220E01FE00F1966C /* Build configuration list for PBXNativeTarget "Quiz Hunt" */ = {
			isa = XCConfigurationList;
			buildConfigurations = (
				9DB288D6220E01FE00F1966C /* Debug */,
				9DB288D7220E01FE00F1966C /* Release */,
			);
			defaultConfigurationIsVisible = 0;
			defaultConfigurationName = Release;
		};
/* End XCConfigurationList section */
	};
	rootObject = 9DB288BB220E01F800F1966C /* Project object */;
}
